// !$*UTF8*$!
{
	archiveVersion = 1;
	classes = {
	};
	objectVersion = 50;
	objects = {

/* Begin PBXBuildFile section */
		28ACBBD12145264A003836B9 /* AppDelegate.swift in Sources */ = {isa = PBXBuildFile; fileRef = 28ACBBD02145264A003836B9 /* AppDelegate.swift */; };
		28ACBBD32145264A003836B9 /* ViewController.swift in Sources */ = {isa = PBXBuildFile; fileRef = 28ACBBD22145264A003836B9 /* ViewController.swift */; };
		28ACBBD62145264A003836B9 /* Main.storyboard in Resources */ = {isa = PBXBuildFile; fileRef = 28ACBBD42145264A003836B9 /* Main.storyboard */; };
		28ACBBD821452651003836B9 /* Assets.xcassets in Resources */ = {isa = PBXBuildFile; fileRef = 28ACBBD721452651003836B9 /* Assets.xcassets */; };
		28ACBBDB21452651003836B9 /* LaunchScreen.storyboard in Resources */ = {isa = PBXBuildFile; fileRef = 28ACBBD921452651003836B9 /* LaunchScreen.storyboard */; };
		28ACBBE621452651003836B9 /* DatesFilterEnumTests.swift in Sources */ = {isa = PBXBuildFile; fileRef = 28ACBBE521452651003836B9 /* DatesFilterEnumTests.swift */; };
		28ACBBF121452652003836B9 /* DatesFilterEnumUITests.swift in Sources */ = {isa = PBXBuildFile; fileRef = 28ACBBF021452652003836B9 /* DatesFilterEnumUITests.swift */; };
/* End PBXBuildFile section */

/* Begin PBXContainerItemProxy section */
		28ACBBE221452651003836B9 /* PBXContainerItemProxy */ = {
			isa = PBXContainerItemProxy;
			containerPortal = 28ACBBC52145264A003836B9 /* Project object */;
			proxyType = 1;
			remoteGlobalIDString = 28ACBBCC2145264A003836B9;
			remoteInfo = DatesFilterEnum;
		};
		28ACBBED21452652003836B9 /* PBXContainerItemProxy */ = {
			isa = PBXContainerItemProxy;
			containerPortal = 28ACBBC52145264A003836B9 /* Project object */;
			proxyType = 1;
			remoteGlobalIDString = 28ACBBCC2145264A003836B9;
			remoteInfo = DatesFilterEnum;
		};
/* End PBXContainerItemProxy section */

/* Begin PBXFileReference section */
		28ACBBCD2145264A003836B9 /* DatesFilterEnum.app */ = {isa = PBXFileReference; explicitFileType = wrapper.application; includeInIndex = 0; path = DatesFilterEnum.app; sourceTree = BUILT_PRODUCTS_DIR; };
		28ACBBD02145264A003836B9 /* AppDelegate.swift */ = {isa = PBXFileReference; lastKnownFileType = sourcecode.swift; path = AppDelegate.swift; sourceTree = "<group>"; };
		28ACBBD22145264A003836B9 /* ViewController.swift */ = {isa = PBXFileReference; lastKnownFileType = sourcecode.swift; path = ViewController.swift; sourceTree = "<group>"; };
		28ACBBD52145264A003836B9 /* Base */ = {isa = PBXFileReference; lastKnownFileType = file.storyboard; name = Base; path = Base.lproj/Main.storyboard; sourceTree = "<group>"; };
		28ACBBD721452651003836B9 /* Assets.xcassets */ = {isa = PBXFileReference; lastKnownFileType = folder.assetcatalog; path = Assets.xcassets; sourceTree = "<group>"; };
		28ACBBDA21452651003836B9 /* Base */ = {isa = PBXFileReference; lastKnownFileType = file.storyboard; name = Base; path = Base.lproj/LaunchScreen.storyboard; sourceTree = "<group>"; };
		28ACBBDC21452651003836B9 /* Info.plist */ = {isa = PBXFileReference; lastKnownFileType = text.plist.xml; path = Info.plist; sourceTree = "<group>"; };
		28ACBBE121452651003836B9 /* DatesFilterEnumTests.xctest */ = {isa = PBXFileReference; explicitFileType = wrapper.cfbundle; includeInIndex = 0; path = DatesFilterEnumTests.xctest; sourceTree = BUILT_PRODUCTS_DIR; };
		28ACBBE521452651003836B9 /* DatesFilterEnumTests.swift */ = {isa = PBXFileReference; lastKnownFileType = sourcecode.swift; path = DatesFilterEnumTests.swift; sourceTree = "<group>"; };
		28ACBBE721452651003836B9 /* Info.plist */ = {isa = PBXFileReference; lastKnownFileType = text.plist.xml; path = Info.plist; sourceTree = "<group>"; };
		28ACBBEC21452652003836B9 /* DatesFilterEnumUITests.xctest */ = {isa = PBXFileReference; explicitFileType = wrapper.cfbundle; includeInIndex = 0; path = DatesFilterEnumUITests.xctest; sourceTree = BUILT_PRODUCTS_DIR; };
		28ACBBF021452652003836B9 /* DatesFilterEnumUITests.swift */ = {isa = PBXFileReference; lastKnownFileType = sourcecode.swift; path = DatesFilterEnumUITests.swift; sourceTree = "<group>"; };
		28ACBBF221452652003836B9 /* Info.plist */ = {isa = PBXFileReference; lastKnownFileType = text.plist.xml; path = Info.plist; sourceTree = "<group>"; };
/* End PBXFileReference section */

/* Begin PBXFrameworksBuildPhase section */
		28ACBBCA2145264A003836B9 /* Frameworks */ = {
			isa = PBXFrameworksBuildPhase;
			buildActionMask = 2147483647;
			files = (
			);
			runOnlyForDeploymentPostprocessing = 0;
		};
		28ACBBDE21452651003836B9 /* Frameworks */ = {
			isa = PBXFrameworksBuildPhase;
			buildActionMask = 2147483647;
			files = (
			);
			runOnlyForDeploymentPostprocessing = 0;
		};
		28ACBBE921452652003836B9 /* Frameworks */ = {
			isa = PBXFrameworksBuildPhase;
			buildActionMask = 2147483647;
			files = (
			);
			runOnlyForDeploymentPostprocessing = 0;
		};
/* End PBXFrameworksBuildPhase section */

/* Begin PBXGroup section */
		28ACBBC42145264A003836B9 = {
			isa = PBXGroup;
			children = (
				28ACBBCF2145264A003836B9 /* DatesFilterEnum */,
				28ACBBE421452651003836B9 /* DatesFilterEnumTests */,
				28ACBBEF21452652003836B9 /* DatesFilterEnumUITests */,
				28ACBBCE2145264A003836B9 /* Products */,
			);
			sourceTree = "<group>";
		};
		28ACBBCE2145264A003836B9 /* Products */ = {
			isa = PBXGroup;
			children = (
				28ACBBCD2145264A003836B9 /* DatesFilterEnum.app */,
				28ACBBE121452651003836B9 /* DatesFilterEnumTests.xctest */,
				28ACBBEC21452652003836B9 /* DatesFilterEnumUITests.xctest */,
			);
			name = Products;
			sourceTree = "<group>";
		};
		28ACBBCF2145264A003836B9 /* DatesFilterEnum */ = {
			isa = PBXGroup;
			children = (
				28ACBBD02145264A003836B9 /* AppDelegate.swift */,
				28ACBBD22145264A003836B9 /* ViewController.swift */,
				28ACBBD42145264A003836B9 /* Main.storyboard */,
				28ACBBD721452651003836B9 /* Assets.xcassets */,
				28ACBBD921452651003836B9 /* LaunchScreen.storyboard */,
				28ACBBDC21452651003836B9 /* Info.plist */,
			);
			path = DatesFilterEnum;
			sourceTree = "<group>";
		};
		28ACBBE421452651003836B9 /* DatesFilterEnumTests */ = {
			isa = PBXGroup;
			children = (
				28ACBBE521452651003836B9 /* DatesFilterEnumTests.swift */,
				28ACBBE721452651003836B9 /* Info.plist */,
			);
			path = DatesFilterEnumTests;
			sourceTree = "<group>";
		};
		28ACBBEF21452652003836B9 /* DatesFilterEnumUITests */ = {
			isa = PBXGroup;
			children = (
				28ACBBF021452652003836B9 /* DatesFilterEnumUITests.swift */,
				28ACBBF221452652003836B9 /* Info.plist */,
			);
			path = DatesFilterEnumUITests;
			sourceTree = "<group>";
		};
/* End PBXGroup section */

/* Begin PBXNativeTarget section */
		28ACBBCC2145264A003836B9 /* DatesFilterEnum */ = {
			isa = PBXNativeTarget;
			buildConfigurationList = 28ACBBF521452652003836B9 /* Build configuration list for PBXNativeTarget "DatesFilterEnum" */;
			buildPhases = (
				28ACBBC92145264A003836B9 /* Sources */,
				28ACBBCA2145264A003836B9 /* Frameworks */,
				28ACBBCB2145264A003836B9 /* Resources */,
			);
			buildRules = (
			);
			dependencies = (
			);
			name = DatesFilterEnum;
			productName = DatesFilterEnum;
			productReference = 28ACBBCD2145264A003836B9 /* DatesFilterEnum.app */;
			productType = "com.apple.product-type.application";
		};
		28ACBBE021452651003836B9 /* DatesFilterEnumTests */ = {
			isa = PBXNativeTarget;
			buildConfigurationList = 28ACBBF821452652003836B9 /* Build configuration list for PBXNativeTarget "DatesFilterEnumTests" */;
			buildPhases = (
				28ACBBDD21452651003836B9 /* Sources */,
				28ACBBDE21452651003836B9 /* Frameworks */,
				28ACBBDF21452651003836B9 /* Resources */,
			);
			buildRules = (
			);
			dependencies = (
				28ACBBE321452651003836B9 /* PBXTargetDependency */,
			);
			name = DatesFilterEnumTests;
			productName = DatesFilterEnumTests;
			productReference = 28ACBBE121452651003836B9 /* DatesFilterEnumTests.xctest */;
			productType = "com.apple.product-type.bundle.unit-test";
		};
		28ACBBEB21452652003836B9 /* DatesFilterEnumUITests */ = {
			isa = PBXNativeTarget;
			buildConfigurationList = 28ACBBFB21452652003836B9 /* Build configuration list for PBXNativeTarget "DatesFilterEnumUITests" */;
			buildPhases = (
				28ACBBE821452652003836B9 /* Sources */,
				28ACBBE921452652003836B9 /* Frameworks */,
				28ACBBEA21452652003836B9 /* Resources */,
			);
			buildRules = (
			);
			dependencies = (
				28ACBBEE21452652003836B9 /* PBXTargetDependency */,
			);
			name = DatesFilterEnumUITests;
			productName = DatesFilterEnumUITests;
			productReference = 28ACBBEC21452652003836B9 /* DatesFilterEnumUITests.xctest */;
			productType = "com.apple.product-type.bundle.ui-testing";
		};
/* End PBXNativeTarget section */

/* Begin PBXProject section */
		28ACBBC52145264A003836B9 /* Project object */ = {
			isa = PBXProject;
			attributes = {
				LastSwiftUpdateCheck = 0940;
				LastUpgradeCheck = 0940;
				ORGANIZATIONNAME = apple;
				TargetAttributes = {
					28ACBBCC2145264A003836B9 = {
						CreatedOnToolsVersion = 9.4.1;
					};
					28ACBBE021452651003836B9 = {
						CreatedOnToolsVersion = 9.4.1;
						TestTargetID = 28ACBBCC2145264A003836B9;
					};
					28ACBBEB21452652003836B9 = {
						CreatedOnToolsVersion = 9.4.1;
						TestTargetID = 28ACBBCC2145264A003836B9;
					};
				};
			};
			buildConfigurationList = 28ACBBC82145264A003836B9 /* Build configuration list for PBXProject "DatesFilterEnum" */;
			compatibilityVersion = "Xcode 9.3";
			developmentRegion = en;
			hasScannedForEncodings = 0;
			knownRegions = (
				en,
				Base,
			);
			mainGroup = 28ACBBC42145264A003836B9;
			productRefGroup = 28ACBBCE2145264A003836B9 /* Products */;
			projectDirPath = "";
			projectRoot = "";
			targets = (
				28ACBBCC2145264A003836B9 /* DatesFilterEnum */,
				28ACBBE021452651003836B9 /* DatesFilterEnumTests */,
				28ACBBEB21452652003836B9 /* DatesFilterEnumUITests */,
			);
		};
/* End PBXProject section */

/* Begin PBXResourcesBuildPhase section */
		28ACBBCB2145264A003836B9 /* Resources */ = {
			isa = PBXResourcesBuildPhase;
			buildActionMask = 2147483647;
			files = (
				28ACBBDB21452651003836B9 /* LaunchScreen.storyboard in Resources */,
				28ACBBD821452651003836B9 /* Assets.xcassets in Resources */,
				28ACBBD62145264A003836B9 /* Main.storyboard in Resources */,
			);
			runOnlyForDeploymentPostprocessing = 0;
		};
		28ACBBDF21452651003836B9 /* Resources */ = {
			isa = PBXResourcesBuildPhase;
			buildActionMask = 2147483647;
			files = (
			);
			runOnlyForDeploymentPostprocessing = 0;
		};
		28ACBBEA21452652003836B9 /* Resources */ = {
			isa = PBXResourcesBuildPhase;
			buildActionMask = 2147483647;
			files = (
			);
			runOnlyForDeploymentPostprocessing = 0;
		};
/* End PBXResourcesBuildPhase section */

/* Begin PBXSourcesBuildPhase section */
		28ACBBC92145264A003836B9 /* Sources */ = {
			isa = PBXSourcesBuildPhase;
			buildActionMask = 2147483647;
			files = (
				28ACBBD32145264A003836B9 /* ViewController.swift in Sources */,
				28ACBBD12145264A003836B9 /* AppDelegate.swift in Sources */,
			);
			runOnlyForDeploymentPostprocessing = 0;
		};
		28ACBBDD21452651003836B9 /* Sources */ = {
			isa = PBXSourcesBuildPhase;
			buildActionMask = 2147483647;
			files = (
				28ACBBE621452651003836B9 /* DatesFilterEnumTests.swift in Sources */,
			);
			runOnlyForDeploymentPostprocessing = 0;
		};
		28ACBBE821452652003836B9 /* Sources */ = {
			isa = PBXSourcesBuildPhase;
			buildActionMask = 2147483647;
			files = (
				28ACBBF121452652003836B9 /* DatesFilterEnumUITests.swift in Sources */,
			);
			runOnlyForDeploymentPostprocessing = 0;
		};
/* End PBXSourcesBuildPhase section */

/* Begin PBXTargetDependency section */
		28ACBBE321452651003836B9 /* PBXTargetDependency */ = {
			isa = PBXTargetDependency;
			target = 28ACBBCC2145264A003836B9 /* DatesFilterEnum */;
			targetProxy = 28ACBBE221452651003836B9 /* PBXContainerItemProxy */;
		};
		28ACBBEE21452652003836B9 /* PBXTargetDependency */ = {
			isa = PBXTargetDependency;
			target = 28ACBBCC2145264A003836B9 /* DatesFilterEnum */;
			targetProxy = 28ACBBED21452652003836B9 /* PBXContainerItemProxy */;
		};
/* End PBXTargetDependency section */

/* Begin PBXVariantGroup section */
		28ACBBD42145264A003836B9 /* Main.storyboard */ = {
			isa = PBXVariantGroup;
			children = (
				28ACBBD52145264A003836B9 /* Base */,
			);
			name = Main.storyboard;
			sourceTree = "<group>";
		};
		28ACBBD921452651003836B9 /* LaunchScreen.storyboard */ = {
			isa = PBXVariantGroup;
			children = (
				28ACBBDA21452651003836B9 /* Base */,
			);
			name = LaunchScreen.storyboard;
			sourceTree = "<group>";
		};
/* End PBXVariantGroup section */

/* Begin XCBuildConfiguration section */
		28ACBBF321452652003836B9 /* Debug */ = {
			isa = XCBuildConfiguration;
			buildSettings = {
				ALWAYS_SEARCH_USER_PATHS = NO;
				CLANG_ANALYZER_NONNULL = YES;
				CLANG_ANALYZER_NUMBER_OBJECT_CONVERSION = YES_AGGRESSIVE;
				CLANG_CXX_LANGUAGE_STANDARD = "gnu++14";
				CLANG_CXX_LIBRARY = "libc++";
				CLANG_ENABLE_MODULES = YES;
				CLANG_ENABLE_OBJC_ARC = YES;
				CLANG_ENABLE_OBJC_WEAK = YES;
				CLANG_WARN_BLOCK_CAPTURE_AUTORELEASING = YES;
				CLANG_WARN_BOOL_CONVERSION = YES;
				CLANG_WARN_COMMA = YES;
				CLANG_WARN_CONSTANT_CONVERSION = YES;
				CLANG_WARN_DEPRECATED_OBJC_IMPLEMENTATIONS = YES;
				CLANG_WARN_DIRECT_OBJC_ISA_USAGE = YES_ERROR;
				CLANG_WARN_DOCUMENTATION_COMMENTS = YES;
				CLANG_WARN_EMPTY_BODY = YES;
				CLANG_WARN_ENUM_CONVERSION = YES;
				CLANG_WARN_INFINITE_RECURSION = YES;
				CLANG_WARN_INT_CONVERSION = YES;
				CLANG_WARN_NON_LITERAL_NULL_CONVERSION = YES;
				CLANG_WARN_OBJC_IMPLICIT_RETAIN_SELF = YES;
				CLANG_WARN_OBJC_LITERAL_CONVERSION = YES;
				CLANG_WARN_OBJC_ROOT_CLASS = YES_ERROR;
				CLANG_WARN_RANGE_LOOP_ANALYSIS = YES;
				CLANG_WARN_STRICT_PROTOTYPES = YES;
				CLANG_WARN_SUSPICIOUS_MOVE = YES;
				CLANG_WARN_UNGUARDED_AVAILABILITY = YES_AGGRESSIVE;
				CLANG_WARN_UNREACHABLE_CODE = YES;
				CLANG_WARN__DUPLICATE_METHOD_MATCH = YES;
				CODE_SIGN_IDENTITY = "iPhone Developer";
				COPY_PHASE_STRIP = NO;
				DEBUG_INFORMATION_FORMAT = dwarf;
				ENABLE_STRICT_OBJC_MSGSEND = YES;
				ENABLE_TESTABILITY = YES;
				GCC_C_LANGUAGE_STANDARD = gnu11;
				GCC_DYNAMIC_NO_PIC = NO;
				GCC_NO_COMMON_BLOCKS = YES;
				GCC_OPTIMIZATION_LEVEL = 0;
				GCC_PREPROCESSOR_DEFINITIONS = (
					"DEBUG=1",
					"$(inherited)",
				);
				GCC_WARN_64_TO_32_BIT_CONVERSION = YES;
				GCC_WARN_ABOUT_RETURN_TYPE = YES_ERROR;
				GCC_WARN_UNDECLARED_SELECTOR = YES;
				GCC_WARN_UNINITIALIZED_AUTOS = YES_AGGRESSIVE;
				GCC_WARN_UNUSED_FUNCTION = YES;
				GCC_WARN_UNUSED_VARIABLE = YES;
				IPHONEOS_DEPLOYMENT_TARGET = 11.4;
				MTL_ENABLE_DEBUG_INFO = YES;
				ONLY_ACTIVE_ARCH = YES;
				SDKROOT = iphoneos;
				SWIFT_ACTIVE_COMPILATION_CONDITIONS = DEBUG;
				SWIFT_OPTIMIZATION_LEVEL = "-Onone";
			};
			name = Debug;
		};
		28ACBBF421452652003836B9 /* Release */ = {
			isa = XCBuildConfiguration;
			buildSettings = {
				ALWAYS_SEARCH_USER_PATHS = NO;
				CLANG_ANALYZER_NONNULL = YES;
				CLANG_ANALYZER_NUMBER_OBJECT_CONVERSION = YES_AGGRESSIVE;
				CLANG_CXX_LANGUAGE_STANDARD = "gnu++14";
				CLANG_CXX_LIBRARY = "libc++";
				CLANG_ENABLE_MODULES = YES;
				CLANG_ENABLE_OBJC_ARC = YES;
				CLANG_ENABLE_OBJC_WEAK = YES;
				CLANG_WARN_BLOCK_CAPTURE_AUTORELEASING = YES;
				CLANG_WARN_BOOL_CONVERSION = YES;
				CLANG_WARN_COMMA = YES;
				CLANG_WARN_CONSTANT_CONVERSION = YES;
				CLANG_WARN_DEPRECATED_OBJC_IMPLEMENTATIONS = YES;
				CLANG_WARN_DIRECT_OBJC_ISA_USAGE = YES_ERROR;
				CLANG_WARN_DOCUMENTATION_COMMENTS = YES;
				CLANG_WARN_EMPTY_BODY = YES;
				CLANG_WARN_ENUM_CONVERSION = YES;
				CLANG_WARN_INFINITE_RECURSION = YES;
				CLANG_WARN_INT_CONVERSION = YES;
				CLANG_WARN_NON_LITERAL_NULL_CONVERSION = YES;
				CLANG_WARN_OBJC_IMPLICIT_RETAIN_SELF = YES;
				CLANG_WARN_OBJC_LITERAL_CONVERSION = YES;
				CLANG_WARN_OBJC_ROOT_CLASS = YES_ERROR;
				CLANG_WARN_RANGE_LOOP_ANALYSIS = YES;
				CLANG_WARN_STRICT_PROTOTYPES = YES;
				CLANG_WARN_SUSPICIOUS_MOVE = YES;
				CLANG_WARN_UNGUARDED_AVAILABILITY = YES_AGGRESSIVE;
				CLANG_WARN_UNREACHABLE_CODE = YES;
				CLANG_WARN__DUPLICATE_METHOD_MATCH = YES;
				CODE_SIGN_IDENTITY = "iPhone Developer";
				COPY_PHASE_STRIP = NO;
				DEBUG_INFORMATION_FORMAT = "dwarf-with-dsym";
				ENABLE_NS_ASSERTIONS = NO;
				ENABLE_STRICT_OBJC_MSGSEND = YES;
				GCC_C_LANGUAGE_STANDARD = gnu11;
				GCC_NO_COMMON_BLOCKS = YES;
				GCC_WARN_64_TO_32_BIT_CONVERSION = YES;
				GCC_WARN_ABOUT_RETURN_TYPE = YES_ERROR;
				GCC_WARN_UNDECLARED_SELECTOR = YES;
				GCC_WARN_UNINITIALIZED_AUTOS = YES_AGGRESSIVE;
				GCC_WARN_UNUSED_FUNCTION = YES;
				GCC_WARN_UNUSED_VARIABLE = YES;
				IPHONEOS_DEPLOYMENT_TARGET = 11.4;
				MTL_ENABLE_DEBUG_INFO = NO;
				SDKROOT = iphoneos;
				SWIFT_COMPILATION_MODE = wholemodule;
				SWIFT_OPTIMIZATION_LEVEL = "-O";
				VALIDATE_PRODUCT = YES;
			};
			name = Release;
		};
		28ACBBF621452652003836B9 /* Debug */ = {
			isa = XCBuildConfiguration;
			buildSettings = {
				ASSETCATALOG_COMPILER_APPICON_NAME = AppIcon;
				CODE_SIGN_STYLE = Automatic;
				DEVELOPMENT_TEAM = 4755664329;
				INFOPLIST_FILE = DatesFilterEnum/Info.plist;
				LD_RUNPATH_SEARCH_PATHS = (
					"$(inherited)",
					"@executable_path/Frameworks",
				);
				PRODUCT_BUNDLE_IDENTIFIER = exaact.DatesFilterEnum;
				PRODUCT_NAME = "$(TARGET_NAME)";
				SWIFT_VERSION = 4.0;
				TARGETED_DEVICE_FAMILY = "1,2";
			};
			name = Debug;
		};
		28ACBBF721452652003836B9 /* Release */ = {
			isa = XCBuildConfiguration;
			buildSettings = {
				ASSETCATALOG_COMPILER_APPICON_NAME = AppIcon;
				CODE_SIGN_STYLE = Automatic;
				DEVELOPMENT_TEAM = 4755664329;
				INFOPLIST_FILE = DatesFilterEnum/Info.plist;
				LD_RUNPATH_SEARCH_PATHS = (
					"$(inherited)",
					"@executable_path/Frameworks",
				);
				PRODUCT_BUNDLE_IDENTIFIER = exaact.DatesFilterEnum;
				PRODUCT_NAME = "$(TARGET_NAME)";
				SWIFT_VERSION = 4.0;
				TARGETED_DEVICE_FAMILY = "1,2";
			};
			name = Release;
		};
		28ACBBF921452652003836B9 /* Debug */ = {
			isa = XCBuildConfiguration;
			buildSettings = {
				ALWAYS_EMBED_SWIFT_STANDARD_LIBRARIES = YES;
				BUNDLE_LOADER = "$(TEST_HOST)";
				CODE_SIGN_STYLE = Automatic;
				DEVELOPMENT_TEAM = 4755664329;
				INFOPLIST_FILE = DatesFilterEnumTests/Info.plist;
				LD_RUNPATH_SEARCH_PATHS = (
					"$(inherited)",
					"@executable_path/Frameworks",
					"@loader_path/Frameworks",
				);
				PRODUCT_BUNDLE_IDENTIFIER = exaact.DatesFilterEnumTests;
				PRODUCT_NAME = "$(TARGET_NAME)";
				SWIFT_VERSION = 4.0;
				TARGETED_DEVICE_FAMILY = "1,2";
				TEST_HOST = "$(BUILT_PRODUCTS_DIR)/DatesFilterEnum.app/DatesFilterEnum";
			};
			name = Debug;
		};
		28ACBBFA21452652003836B9 /* Release */ = {
			isa = XCBuildConfiguration;
			buildSettings = {
				ALWAYS_EMBED_SWIFT_STANDARD_LIBRARIES = YES;
				BUNDLE_LOADER = "$(TEST_HOST)";
				CODE_SIGN_STYLE = Automatic;
				DEVELOPMENT_TEAM = 4755664329;
				INFOPLIST_FILE = DatesFilterEnumTests/Info.plist;
				LD_RUNPATH_SEARCH_PATHS = (
					"$(inherited)",
					"@executable_path/Frameworks",
					"@loader_path/Frameworks",
				);
				PRODUCT_BUNDLE_IDENTIFIER = exaact.DatesFilterEnumTests;
				PRODUCT_NAME = "$(TARGET_NAME)";
				SWIFT_VERSION = 4.0;
				TARGETED_DEVICE_FAMILY = "1,2";
				TEST_HOST = "$(BUILT_PRODUCTS_DIR)/DatesFilterEnum.app/DatesFilterEnum";
			};
			name = Release;
		};
		28ACBBFC21452652003836B9 /* Debug */ = {
			isa = XCBuildConfiguration;
			buildSettings = {
				ALWAYS_EMBED_SWIFT_STANDARD_LIBRARIES = YES;
				CODE_SIGN_STYLE = Automatic;
				DEVELOPMENT_TEAM = 4755664329;
				INFOPLIST_FILE = DatesFilterEnumUITests/Info.plist;
				LD_RUNPATH_SEARCH_PATHS = (
					"$(inherited)",
					"@executable_path/Frameworks",
					"@loader_path/Frameworks",
				);
				PRODUCT_BUNDLE_IDENTIFIER = exaact.DatesFilterEnumUITests;
				PRODUCT_NAME = "$(TARGET_NAME)";
				SWIFT_VERSION = 4.0;
				TARGETED_DEVICE_FAMILY = "1,2";
				TEST_TARGET_NAME = DatesFilterEnum;
			};
			name = Debug;
		};
		28ACBBFD21452652003836B9 /* Release */ = {
			isa = XCBuildConfiguration;
			buildSettings = {
				ALWAYS_EMBED_SWIFT_STANDARD_LIBRARIES = YES;
				CODE_SIGN_STYLE = Automatic;
				DEVELOPMENT_TEAM = 4755664329;
				INFOPLIST_FILE = DatesFilterEnumUITests/Info.plist;
				LD_RUNPATH_SEARCH_PATHS = (
					"$(inherited)",
					"@executable_path/Frameworks",
					"@loader_path/Frameworks",
				);
				PRODUCT_BUNDLE_IDENTIFIER = exaact.DatesFilterEnumUITests;
				PRODUCT_NAME = "$(TARGET_NAME)";
				SWIFT_VERSION = 4.0;
				TARGETED_DEVICE_FAMILY = "1,2";
				TEST_TARGET_NAME = DatesFilterEnum;
			};
			name = Release;
		};
/* End XCBuildConfiguration section */

/* Begin XCConfigurationList section */
		28ACBBC82145264A003836B9 /* Build configuration list for PBXProject "DatesFilterEnum" */ = {
			isa = XCConfigurationList;
			buildConfigurations = (
				28ACBBF321452652003836B9 /* Debug */,
				28ACBBF421452652003836B9 /* Release */,
			);
			defaultConfigurationIsVisible = 0;
			defaultConfigurationName = Release;
		};
		28ACBBF521452652003836B9 /* Build configuration list for PBXNativeTarget "DatesFilterEnum" */ = {
			isa = XCConfigurationList;
			buildConfigurations = (
				28ACBBF621452652003836B9 /* Debug */,
				28ACBBF721452652003836B9 /* Release */,
			);
			defaultConfigurationIsVisible = 0;
			defaultConfigurationName = Release;
		};
		28ACBBF821452652003836B9 /* Build configuration list for PBXNativeTarget "DatesFilterEnumTests" */ = {
			isa = XCConfigurationList;
			buildConfigurations = (
				28ACBBF921452652003836B9 /* Debug */,
				28ACBBFA21452652003836B9 /* Release */,
			);
			defaultConfigurationIsVisible = 0;
			defaultConfigurationName = Release;
		};
		28ACBBFB21452652003836B9 /* Build configuration list for PBXNativeTarget "DatesFilterEnumUITests" */ = {
			isa = XCConfigurationList;
			buildConfigurations = (
				28ACBBFC21452652003836B9 /* Debug */,
				28ACBBFD21452652003836B9 /* Release */,
			);
			defaultConfigurationIsVisible = 0;
			defaultConfigurationName = Release;
		};
/* End XCConfigurationList section */
	};
	rootObject = 28ACBBC52145264A003836B9 /* Project object */;
}
